
Microsoft Visual Studio Solution File, Format Version 12.00
# Visual Studio Version 17
VisualStudioVersion = 17.8.34330.188
MinimumVisualStudioVersion = 10.0.40219.1
Project("{FAE04EC0-301F-11D3-BF4B-00C04F79EFBC}") = "SaftComponents", "SaftComponents\SaftComponents\SaftComponents.csproj", "{460DA336-748A-4350-AE6E-F41D6980F93A}"
EndProject
Project("{FAE04EC0-301F-11D3-BF4B-00C04F79EFBC}") = "SaftComponents.Client", "SaftComponents\SaftComponents.Client\SaftComponents.Client.csproj", "{8C578D2F-A326-4E77-A9F3-56788903235B}"
EndProject
Global
	GlobalSection(SolutionConfigurationPlatforms) = preSolution
		Debug|Any CPU = Debug|Any CPU
		Release|Any CPU = Release|Any CPU
	EndGlobalSection
	GlobalSection(ProjectConfigurationPlatforms) = postSolution
		{460DA336-748A-4350-AE6E-F41D6980F93A}.Debug|Any CPU.ActiveCfg = Debug|Any CPU
		{460DA336-748A-4350-AE6E-F41D6980F93A}.Debug|Any CPU.Build.0 = Debug|Any CPU
		{460DA336-748A-4350-AE6E-F41D6980F93A}.Release|Any CPU.ActiveCfg = Release|Any CPU
		{460DA336-748A-4350-AE6E-F41D6980F93A}.Release|Any CPU.Build.0 = Release|Any CPU
		{8C578D2F-A326-4E77-A9F3-56788903235B}.Debug|Any CPU.ActiveCfg = Debug|Any CPU
		{8C578D2F-A326-4E77-A9F3-56788903235B}.Debug|Any CPU.Build.0 = Debug|Any CPU
		{8C578D2F-A326-4E77-A9F3-56788903235B}.Release|Any CPU.ActiveCfg = Release|Any CPU
		{8C578D2F-A326-4E77-A9F3-56788903235B}.Release|Any CPU.Build.0 = Release|Any CPU
	EndGlobalSection
	GlobalSection(SolutionProperties) = preSolution
		HideSolutionNode = FALSE
	EndGlobalSection
	GlobalSection(ExtensibilityGlobals) = postSolution
		SolutionGuid = {C855B032-CB95-41AC-BD48-F795583047CB}
	EndGlobalSection
EndGlobal
